// !$*UTF8*$!
{
	archiveVersion = 1;
	classes = {
	};
	objectVersion = 51;
	objects = {

/* Begin PBXBuildFile section */
		0B76B11734E19A97973E7D54 /* Pods_EmployerTracking.framework in Frameworks */ = {isa = PBXBuildFile; fileRef = D88FE7305839E9B6BE034A61 /* Pods_EmployerTracking.framework */; };
		8C1AC95B2230EE8F0000F7BD /* TableViewEditing.swift in Sources */ = {isa = PBXBuildFile; fileRef = 8C1AC95A2230EE8F0000F7BD /* TableViewEditing.swift */; };
		8C26D22C234602B100A46789 /* EmployerTrackingTests.swift in Sources */ = {isa = PBXBuildFile; fileRef = 8C26D22B234602B100A46789 /* EmployerTrackingTests.swift */; };
		8C26D233234602BC00A46789 /* CategoryListViewModelTest.swift in Sources */ = {isa = PBXBuildFile; fileRef = 8C26D2222346022E00A46789 /* CategoryListViewModelTest.swift */; };
		8C2C5A3B2241683A00328130 /* DetailViewControllerExt.swift in Sources */ = {isa = PBXBuildFile; fileRef = 8C2C5A3A2241683A00328130 /* DetailViewControllerExt.swift */; };
		8C2C5A4022416A2A00328130 /* SideBarTableViewController.swift in Sources */ = {isa = PBXBuildFile; fileRef = 8C2C5A3E22416A2A00328130 /* SideBarTableViewController.swift */; };
		8C2C5A4422416AA200328130 /* SideBarTableViewCell.swift in Sources */ = {isa = PBXBuildFile; fileRef = 8C2C5A4222416AA200328130 /* SideBarTableViewCell.swift */; };
		8C2C5A4522416AA200328130 /* SideBarTableViewCell.xib in Resources */ = {isa = PBXBuildFile; fileRef = 8C2C5A4322416AA200328130 /* SideBarTableViewCell.xib */; };
		8C3082E8224226EF00C0CB86 /* CollectionViewController.swift in Sources */ = {isa = PBXBuildFile; fileRef = 8C3082E7224226EF00C0CB86 /* CollectionViewController.swift */; };
		8C30830E224254CB00C0CB86 /* MainViewController.swift in Sources */ = {isa = PBXBuildFile; fileRef = 8C30830D224254CB00C0CB86 /* MainViewController.swift */; };
		8C3083102242877600C0CB86 /* SideBarDetailViewController.swift in Sources */ = {isa = PBXBuildFile; fileRef = 8C30830F2242877600C0CB86 /* SideBarDetailViewController.swift */; };
		8C308312224287BF00C0CB86 /* SideBarTableCoordinator.swift in Sources */ = {isa = PBXBuildFile; fileRef = 8C308311224287BF00C0CB86 /* SideBarTableCoordinator.swift */; };
		8C308314224287CD00C0CB86 /* SideBarTableViewModel.swift in Sources */ = {isa = PBXBuildFile; fileRef = 8C308313224287CD00C0CB86 /* SideBarTableViewModel.swift */; };
		8C3083162242889300C0CB86 /* SideBarDetailStories.swift in Sources */ = {isa = PBXBuildFile; fileRef = 8C3083152242889300C0CB86 /* SideBarDetailStories.swift */; };
		8C44945D22326B2D00F371AA /* EmployerViewController.swift in Sources */ = {isa = PBXBuildFile; fileRef = 8C44945C22326B2D00F371AA /* EmployerViewController.swift */; };
		8C44945F22326B5800F371AA /* EmployerCoordinator.swift in Sources */ = {isa = PBXBuildFile; fileRef = 8C44945E22326B5800F371AA /* EmployerCoordinator.swift */; };
		8C44946122326B7300F371AA /* EmployerViewModel.swift in Sources */ = {isa = PBXBuildFile; fileRef = 8C44946022326B7300F371AA /* EmployerViewModel.swift */; };
		8C44946322326C8400F371AA /* EmployerListViewModel.swift in Sources */ = {isa = PBXBuildFile; fileRef = 8C44946222326C8400F371AA /* EmployerListViewModel.swift */; };
		8C44946C223270B300F371AA /* CustomCollectionViewCell.swift in Sources */ = {isa = PBXBuildFile; fileRef = 8C44946A223270B300F371AA /* CustomCollectionViewCell.swift */; };
		8C44946D223270B300F371AA /* CustomCollectionViewCell.xib in Resources */ = {isa = PBXBuildFile; fileRef = 8C44946B223270B300F371AA /* CustomCollectionViewCell.xib */; };
		8C44946F2232849B00F371AA /* DateExtension.swift in Sources */ = {isa = PBXBuildFile; fileRef = 8C44946E2232849B00F371AA /* DateExtension.swift */; };
		8C6753FD23735B0C00B6372B /* CustomTableViewCell.xib in Resources */ = {isa = PBXBuildFile; fileRef = 8C6753FF23735B0C00B6372B /* CustomTableViewCell.xib */; };
		8C6E8B4E22329AE6001E29AE /* EmployerAddViewController.swift in Sources */ = {isa = PBXBuildFile; fileRef = 8C6E8B4D22329AE6001E29AE /* EmployerAddViewController.swift */; };
		8C6E8B5022329B09001E29AE /* EmployerAddViewModel.swift in Sources */ = {isa = PBXBuildFile; fileRef = 8C6E8B4F22329B09001E29AE /* EmployerAddViewModel.swift */; };
		8C6E8B5222329B2D001E29AE /* EmployerAddCoordinator.swift in Sources */ = {isa = PBXBuildFile; fileRef = 8C6E8B5122329B2D001E29AE /* EmployerAddCoordinator.swift */; };
		8C7D838B222FC04B0045AF68 /* AppDelegate.swift in Sources */ = {isa = PBXBuildFile; fileRef = 8C7D838A222FC04B0045AF68 /* AppDelegate.swift */; };
		8C7D838D222FC04B0045AF68 /* CategoryViewController.swift in Sources */ = {isa = PBXBuildFile; fileRef = 8C7D838C222FC04B0045AF68 /* CategoryViewController.swift */; };
		8C7D8392222FC04E0045AF68 /* Assets.xcassets in Resources */ = {isa = PBXBuildFile; fileRef = 8C7D8391222FC04E0045AF68 /* Assets.xcassets */; };
		8C7D8395222FC04E0045AF68 /* LaunchScreen.storyboard in Resources */ = {isa = PBXBuildFile; fileRef = 8C7D8393222FC04E0045AF68 /* LaunchScreen.storyboard */; };
		8C7D83A4222FC1030045AF68 /* AppCoordinator.swift in Sources */ = {isa = PBXBuildFile; fileRef = 8C7D83A3222FC1030045AF68 /* AppCoordinator.swift */; };
		8C7D83A6222FC1C20045AF68 /* BaseCoordinator.swift in Sources */ = {isa = PBXBuildFile; fileRef = 8C7D83A5222FC1C20045AF68 /* BaseCoordinator.swift */; };
		8C922EDE223D8C3900EB054B /* DetailViewController.swift in Sources */ = {isa = PBXBuildFile; fileRef = 8C922EDD223D8C3900EB054B /* DetailViewController.swift */; };
		8C922EE0223DACE800EB054B /* DetailViewModel.swift in Sources */ = {isa = PBXBuildFile; fileRef = 8C922EDF223DACE800EB054B /* DetailViewModel.swift */; };
		8C922EE2223DAD0600EB054B /* DetailViewCoordinator.swift in Sources */ = {isa = PBXBuildFile; fileRef = 8C922EE1223DAD0600EB054B /* DetailViewCoordinator.swift */; };
		8CD2EBFA222FC79400D7AF54 /* CategoryCoordinator.swift in Sources */ = {isa = PBXBuildFile; fileRef = 8CD2EBF9222FC79400D7AF54 /* CategoryCoordinator.swift */; };
		8CD2EBFC222FC9D500D7AF54 /* CategoryModel.swift in Sources */ = {isa = PBXBuildFile; fileRef = 8CD2EBFB222FC9D500D7AF54 /* CategoryModel.swift */; };
		8CD5EA812371B42400171FC5 /* Localizable.strings in Resources */ = {isa = PBXBuildFile; fileRef = 8CD5EA832371B42400171FC5 /* Localizable.strings */; };
		8CEED34F222FCB4400C7500D /* EmployerModel.swift in Sources */ = {isa = PBXBuildFile; fileRef = 8CEED34E222FCB4400C7500D /* EmployerModel.swift */; };
		8CEED351222FCCC100C7500D /* CategoryViewModel.swift in Sources */ = {isa = PBXBuildFile; fileRef = 8CEED350222FCCC100C7500D /* CategoryViewModel.swift */; };
		8CEED353222FCD6F00C7500D /* CategoryListViewModel.swift in Sources */ = {isa = PBXBuildFile; fileRef = 8CEED352222FCD6F00C7500D /* CategoryListViewModel.swift */; };
		8CEED356222FCE6500C7500D /* CustomTableViewCell.swift in Sources */ = {isa = PBXBuildFile; fileRef = 8CEED354222FCE6500C7500D /* CustomTableViewCell.swift */; };
		8CEED35A222FDFAD00C7500D /* CategoryAddViewController.swift in Sources */ = {isa = PBXBuildFile; fileRef = 8CEED359222FDFAD00C7500D /* CategoryAddViewController.swift */; };
		8CEED35C222FE03800C7500D /* CategoryAddViewModel.swift in Sources */ = {isa = PBXBuildFile; fileRef = 8CEED35B222FE03800C7500D /* CategoryAddViewModel.swift */; };
		8CEED35E222FE0C100C7500D /* CategoryAddCoordinator.swift in Sources */ = {isa = PBXBuildFile; fileRef = 8CEED35D222FE0C100C7500D /* CategoryAddCoordinator.swift */; };
		8CEED36022304B6400C7500D /* ObservableExtension.swift in Sources */ = {isa = PBXBuildFile; fileRef = 8CEED35F22304B6400C7500D /* ObservableExtension.swift */; };
		E686EB6A3CF5E7EBE5C51D4C /* Pods_EmployerTrackingTests.framework in Frameworks */ = {isa = PBXBuildFile; fileRef = 140781F36E66C29EE11ECED3 /* Pods_EmployerTrackingTests.framework */; };
/* End PBXBuildFile section */

/* Begin PBXContainerItemProxy section */
		8C26D22E234602B100A46789 /* PBXContainerItemProxy */ = {
			isa = PBXContainerItemProxy;
			containerPortal = 8C7D837F222FC04B0045AF68 /* Project object */;
			proxyType = 1;
			remoteGlobalIDString = 8C7D8386222FC04B0045AF68;
			remoteInfo = EmployerTracking;
		};
/* End PBXContainerItemProxy section */

/* Begin PBXFileReference section */
		140781F36E66C29EE11ECED3 /* Pods_EmployerTrackingTests.framework */ = {isa = PBXFileReference; explicitFileType = wrapper.framework; includeInIndex = 0; path = Pods_EmployerTrackingTests.framework; sourceTree = BUILT_PRODUCTS_DIR; };
		2EE35B5ECA80376708B79930 /* Pods-EmployerTracking.release.xcconfig */ = {isa = PBXFileReference; includeInIndex = 1; lastKnownFileType = text.xcconfig; name = "Pods-EmployerTracking.release.xcconfig"; path = "Pods/Target Support Files/Pods-EmployerTracking/Pods-EmployerTracking.release.xcconfig"; sourceTree = "<group>"; };
		8A4F691CD0517448306B753A /* Pods-EmployerTrackingTests.release.xcconfig */ = {isa = PBXFileReference; includeInIndex = 1; lastKnownFileType = text.xcconfig; name = "Pods-EmployerTrackingTests.release.xcconfig"; path = "Pods/Target Support Files/Pods-EmployerTrackingTests/Pods-EmployerTrackingTests.release.xcconfig"; sourceTree = "<group>"; };
		8C1AC95A2230EE8F0000F7BD /* TableViewEditing.swift */ = {isa = PBXFileReference; lastKnownFileType = sourcecode.swift; path = TableViewEditing.swift; sourceTree = "<group>"; };
		8C26D2222346022E00A46789 /* CategoryListViewModelTest.swift */ = {isa = PBXFileReference; lastKnownFileType = sourcecode.swift; path = CategoryListViewModelTest.swift; sourceTree = "<group>"; };
		8C26D229234602B100A46789 /* EmployerTrackingTests.xctest */ = {isa = PBXFileReference; explicitFileType = wrapper.cfbundle; includeInIndex = 0; path = EmployerTrackingTests.xctest; sourceTree = BUILT_PRODUCTS_DIR; };
		8C26D22B234602B100A46789 /* EmployerTrackingTests.swift */ = {isa = PBXFileReference; lastKnownFileType = sourcecode.swift; path = EmployerTrackingTests.swift; sourceTree = "<group>"; };
		8C26D22D234602B100A46789 /* Info.plist */ = {isa = PBXFileReference; lastKnownFileType = text.plist.xml; path = Info.plist; sourceTree = "<group>"; };
		8C2C5A3A2241683A00328130 /* DetailViewControllerExt.swift */ = {isa = PBXFileReference; lastKnownFileType = sourcecode.swift; path = DetailViewControllerExt.swift; sourceTree = "<group>"; };
		8C2C5A3E22416A2A00328130 /* SideBarTableViewController.swift */ = {isa = PBXFileReference; lastKnownFileType = sourcecode.swift; path = SideBarTableViewController.swift; sourceTree = "<group>"; };
		8C2C5A4222416AA200328130 /* SideBarTableViewCell.swift */ = {isa = PBXFileReference; lastKnownFileType = sourcecode.swift; path = SideBarTableViewCell.swift; sourceTree = "<group>"; };
		8C2C5A4322416AA200328130 /* SideBarTableViewCell.xib */ = {isa = PBXFileReference; lastKnownFileType = file.xib; path = SideBarTableViewCell.xib; sourceTree = "<group>"; };
		8C3082E7224226EF00C0CB86 /* CollectionViewController.swift */ = {isa = PBXFileReference; lastKnownFileType = sourcecode.swift; path = CollectionViewController.swift; sourceTree = "<group>"; };
		8C30830D224254CB00C0CB86 /* MainViewController.swift */ = {isa = PBXFileReference; lastKnownFileType = sourcecode.swift; path = MainViewController.swift; sourceTree = "<group>"; };
		8C30830F2242877600C0CB86 /* SideBarDetailViewController.swift */ = {isa = PBXFileReference; lastKnownFileType = sourcecode.swift; path = SideBarDetailViewController.swift; sourceTree = "<group>"; };
		8C308311224287BF00C0CB86 /* SideBarTableCoordinator.swift */ = {isa = PBXFileReference; lastKnownFileType = sourcecode.swift; path = SideBarTableCoordinator.swift; sourceTree = "<group>"; };
		8C308313224287CD00C0CB86 /* SideBarTableViewModel.swift */ = {isa = PBXFileReference; lastKnownFileType = sourcecode.swift; path = SideBarTableViewModel.swift; sourceTree = "<group>"; };
		8C3083152242889300C0CB86 /* SideBarDetailStories.swift */ = {isa = PBXFileReference; lastKnownFileType = sourcecode.swift; path = SideBarDetailStories.swift; sourceTree = "<group>"; };
		8C44945C22326B2D00F371AA /* EmployerViewController.swift */ = {isa = PBXFileReference; lastKnownFileType = sourcecode.swift; path = EmployerViewController.swift; sourceTree = "<group>"; };
		8C44945E22326B5800F371AA /* EmployerCoordinator.swift */ = {isa = PBXFileReference; lastKnownFileType = sourcecode.swift; path = EmployerCoordinator.swift; sourceTree = "<group>"; };
		8C44946022326B7300F371AA /* EmployerViewModel.swift */ = {isa = PBXFileReference; lastKnownFileType = sourcecode.swift; path = EmployerViewModel.swift; sourceTree = "<group>"; };
		8C44946222326C8400F371AA /* EmployerListViewModel.swift */ = {isa = PBXFileReference; lastKnownFileType = sourcecode.swift; path = EmployerListViewModel.swift; sourceTree = "<group>"; };
		8C44946A223270B300F371AA /* CustomCollectionViewCell.swift */ = {isa = PBXFileReference; lastKnownFileType = sourcecode.swift; path = CustomCollectionViewCell.swift; sourceTree = "<group>"; };
		8C44946B223270B300F371AA /* CustomCollectionViewCell.xib */ = {isa = PBXFileReference; lastKnownFileType = file.xib; path = CustomCollectionViewCell.xib; sourceTree = "<group>"; };
		8C44946E2232849B00F371AA /* DateExtension.swift */ = {isa = PBXFileReference; lastKnownFileType = sourcecode.swift; path = DateExtension.swift; sourceTree = "<group>"; };
		8C67540123735B1600B6372B /* tr */ = {isa = PBXFileReference; lastKnownFileType = text.plist.strings; name = tr; path = tr.lproj/CustomTableViewCell.strings; sourceTree = "<group>"; };
		8C67540223735B4100B6372B /* Base */ = {isa = PBXFileReference; lastKnownFileType = file.xib; name = Base; path = Base.lproj/CustomTableViewCell.xib; sourceTree = "<group>"; };
		8C67540323735B6500B6372B /* en */ = {isa = PBXFileReference; lastKnownFileType = text.plist.strings; name = en; path = en.lproj/CustomTableViewCell.strings; sourceTree = "<group>"; };
		8C6E8B4D22329AE6001E29AE /* EmployerAddViewController.swift */ = {isa = PBXFileReference; lastKnownFileType = sourcecode.swift; path = EmployerAddViewController.swift; sourceTree = "<group>"; };
		8C6E8B4F22329B09001E29AE /* EmployerAddViewModel.swift */ = {isa = PBXFileReference; lastKnownFileType = sourcecode.swift; path = EmployerAddViewModel.swift; sourceTree = "<group>"; };
		8C6E8B5122329B2D001E29AE /* EmployerAddCoordinator.swift */ = {isa = PBXFileReference; lastKnownFileType = sourcecode.swift; path = EmployerAddCoordinator.swift; sourceTree = "<group>"; };
		8C7D8387222FC04B0045AF68 /* EmployerTracking.app */ = {isa = PBXFileReference; explicitFileType = wrapper.application; includeInIndex = 0; path = EmployerTracking.app; sourceTree = BUILT_PRODUCTS_DIR; };
		8C7D838A222FC04B0045AF68 /* AppDelegate.swift */ = {isa = PBXFileReference; lastKnownFileType = sourcecode.swift; path = AppDelegate.swift; sourceTree = "<group>"; };
		8C7D838C222FC04B0045AF68 /* CategoryViewController.swift */ = {isa = PBXFileReference; lastKnownFileType = sourcecode.swift; path = CategoryViewController.swift; sourceTree = "<group>"; };
		8C7D8391222FC04E0045AF68 /* Assets.xcassets */ = {isa = PBXFileReference; lastKnownFileType = folder.assetcatalog; path = Assets.xcassets; sourceTree = "<group>"; };
		8C7D8394222FC04E0045AF68 /* Base */ = {isa = PBXFileReference; lastKnownFileType = file.storyboard; name = Base; path = Base.lproj/LaunchScreen.storyboard; sourceTree = "<group>"; };
		8C7D8396222FC04E0045AF68 /* Info.plist */ = {isa = PBXFileReference; lastKnownFileType = text.plist.xml; path = Info.plist; sourceTree = "<group>"; };
		8C7D83A3222FC1030045AF68 /* AppCoordinator.swift */ = {isa = PBXFileReference; lastKnownFileType = sourcecode.swift; path = AppCoordinator.swift; sourceTree = "<group>"; };
		8C7D83A5222FC1C20045AF68 /* BaseCoordinator.swift */ = {isa = PBXFileReference; lastKnownFileType = sourcecode.swift; path = BaseCoordinator.swift; sourceTree = "<group>"; };
		8C922EDD223D8C3900EB054B /* DetailViewController.swift */ = {isa = PBXFileReference; lastKnownFileType = sourcecode.swift; path = DetailViewController.swift; sourceTree = "<group>"; };
		8C922EDF223DACE800EB054B /* DetailViewModel.swift */ = {isa = PBXFileReference; lastKnownFileType = sourcecode.swift; path = DetailViewModel.swift; sourceTree = "<group>"; };
		8C922EE1223DAD0600EB054B /* DetailViewCoordinator.swift */ = {isa = PBXFileReference; lastKnownFileType = sourcecode.swift; path = DetailViewCoordinator.swift; sourceTree = "<group>"; };
		8CD2EBF9222FC79400D7AF54 /* CategoryCoordinator.swift */ = {isa = PBXFileReference; lastKnownFileType = sourcecode.swift; path = CategoryCoordinator.swift; sourceTree = "<group>"; };
		8CD2EBFB222FC9D500D7AF54 /* CategoryModel.swift */ = {isa = PBXFileReference; lastKnownFileType = sourcecode.swift; path = CategoryModel.swift; sourceTree = "<group>"; };
		8CD5EA822371B42400171FC5 /* en */ = {isa = PBXFileReference; lastKnownFileType = text.plist.strings; name = en; path = en.lproj/Localizable.strings; sourceTree = "<group>"; };
		8CD5EA842371B43200171FC5 /* tr */ = {isa = PBXFileReference; lastKnownFileType = text.plist.strings; name = tr; path = tr.lproj/Localizable.strings; sourceTree = "<group>"; };
		8CD625BF23719A5A00E69A6A /* tr */ = {isa = PBXFileReference; lastKnownFileType = text.plist.strings; name = tr; path = tr.lproj/LaunchScreen.strings; sourceTree = "<group>"; };
		8CEED34E222FCB4400C7500D /* EmployerModel.swift */ = {isa = PBXFileReference; lastKnownFileType = sourcecode.swift; path = EmployerModel.swift; sourceTree = "<group>"; };
		8CEED350222FCCC100C7500D /* CategoryViewModel.swift */ = {isa = PBXFileReference; lastKnownFileType = sourcecode.swift; path = CategoryViewModel.swift; sourceTree = "<group>"; };
		8CEED352222FCD6F00C7500D /* CategoryListViewModel.swift */ = {isa = PBXFileReference; lastKnownFileType = sourcecode.swift; path = CategoryListViewModel.swift; sourceTree = "<group>"; };
		8CEED354222FCE6500C7500D /* CustomTableViewCell.swift */ = {isa = PBXFileReference; lastKnownFileType = sourcecode.swift; path = CustomTableViewCell.swift; sourceTree = "<group>"; };
		8CEED359222FDFAD00C7500D /* CategoryAddViewController.swift */ = {isa = PBXFileReference; lastKnownFileType = sourcecode.swift; path = CategoryAddViewController.swift; sourceTree = "<group>"; };
		8CEED35B222FE03800C7500D /* CategoryAddViewModel.swift */ = {isa = PBXFileReference; lastKnownFileType = sourcecode.swift; path = CategoryAddViewModel.swift; sourceTree = "<group>"; };
		8CEED35D222FE0C100C7500D /* CategoryAddCoordinator.swift */ = {isa = PBXFileReference; lastKnownFileType = sourcecode.swift; path = CategoryAddCoordinator.swift; sourceTree = "<group>"; };
		8CEED35F22304B6400C7500D /* ObservableExtension.swift */ = {isa = PBXFileReference; lastKnownFileType = sourcecode.swift; path = ObservableExtension.swift; sourceTree = "<group>"; };
		9D60DA00A82F212277442835 /* Pods-EmployerTracking.debug.xcconfig */ = {isa = PBXFileReference; includeInIndex = 1; lastKnownFileType = text.xcconfig; name = "Pods-EmployerTracking.debug.xcconfig"; path = "Pods/Target Support Files/Pods-EmployerTracking/Pods-EmployerTracking.debug.xcconfig"; sourceTree = "<group>"; };
		B7C9317C5E4866584454846C /* Pods-EmployerTrackingTests.debug.xcconfig */ = {isa = PBXFileReference; includeInIndex = 1; lastKnownFileType = text.xcconfig; name = "Pods-EmployerTrackingTests.debug.xcconfig"; path = "Pods/Target Support Files/Pods-EmployerTrackingTests/Pods-EmployerTrackingTests.debug.xcconfig"; sourceTree = "<group>"; };
		D88FE7305839E9B6BE034A61 /* Pods_EmployerTracking.framework */ = {isa = PBXFileReference; explicitFileType = wrapper.framework; includeInIndex = 0; path = Pods_EmployerTracking.framework; sourceTree = BUILT_PRODUCTS_DIR; };
/* End PBXFileReference section */

/* Begin PBXFrameworksBuildPhase section */
		8C26D226234602B100A46789 /* Frameworks */ = {
			isa = PBXFrameworksBuildPhase;
			buildActionMask = 2147483647;
			files = (
				E686EB6A3CF5E7EBE5C51D4C /* Pods_EmployerTrackingTests.framework in Frameworks */,
			);
			runOnlyForDeploymentPostprocessing = 0;
		};
		8C7D8384222FC04B0045AF68 /* Frameworks */ = {
			isa = PBXFrameworksBuildPhase;
			buildActionMask = 2147483647;
			files = (
				0B76B11734E19A97973E7D54 /* Pods_EmployerTracking.framework in Frameworks */,
			);
			runOnlyForDeploymentPostprocessing = 0;
		};
/* End PBXFrameworksBuildPhase section */

/* Begin PBXGroup section */
		414E383A79BC9BAC5BCBBFDB /* Frameworks */ = {
			isa = PBXGroup;
			children = (
				D88FE7305839E9B6BE034A61 /* Pods_EmployerTracking.framework */,
				140781F36E66C29EE11ECED3 /* Pods_EmployerTrackingTests.framework */,
			);
			name = Frameworks;
			sourceTree = "<group>";
		};
		4B9259681140AFD6B728786C /* Pods */ = {
			isa = PBXGroup;
			children = (
				9D60DA00A82F212277442835 /* Pods-EmployerTracking.debug.xcconfig */,
				2EE35B5ECA80376708B79930 /* Pods-EmployerTracking.release.xcconfig */,
				B7C9317C5E4866584454846C /* Pods-EmployerTrackingTests.debug.xcconfig */,
				8A4F691CD0517448306B753A /* Pods-EmployerTrackingTests.release.xcconfig */,
			);
			name = Pods;
			sourceTree = "<group>";
		};
		8C26D22A234602B100A46789 /* EmployerTrackingTests */ = {
			isa = PBXGroup;
			children = (
				8C26D2222346022E00A46789 /* CategoryListViewModelTest.swift */,
				8C26D22B234602B100A46789 /* EmployerTrackingTests.swift */,
				8C26D22D234602B100A46789 /* Info.plist */,
			);
			path = EmployerTrackingTests;
			sourceTree = "<group>";
		};
		8C2C5A392241634C00328130 /* SideBarView */ = {
			isa = PBXGroup;
			children = (
				8C2C5A3E22416A2A00328130 /* SideBarTableViewController.swift */,
				8C308311224287BF00C0CB86 /* SideBarTableCoordinator.swift */,
				8C308313224287CD00C0CB86 /* SideBarTableViewModel.swift */,
				8C2C5A4222416AA200328130 /* SideBarTableViewCell.swift */,
				8C2C5A4322416AA200328130 /* SideBarTableViewCell.xib */,
			);
			path = SideBarView;
			sourceTree = "<group>";
		};
		8C2C5A4622416AA800328130 /* SideBarDetailViews */ = {
			isa = PBXGroup;
			children = (
				8C30830F2242877600C0CB86 /* SideBarDetailViewController.swift */,
				8C3083152242889300C0CB86 /* SideBarDetailStories.swift */,
			);
			path = SideBarDetailViews;
			sourceTree = "<group>";
		};
		8C6E8B4C22329AC6001E29AE /* EmployerAddView */ = {
			isa = PBXGroup;
			children = (
				8C6E8B4D22329AE6001E29AE /* EmployerAddViewController.swift */,
				8C6E8B4F22329B09001E29AE /* EmployerAddViewModel.swift */,
				8C6E8B5122329B2D001E29AE /* EmployerAddCoordinator.swift */,
			);
			path = EmployerAddView;
			sourceTree = "<group>";
		};
		8C7D837E222FC04B0045AF68 = {
			isa = PBXGroup;
			children = (
				8C7D8389222FC04B0045AF68 /* EmployerTracking */,
				8C7D8388222FC04B0045AF68 /* Products */,
				4B9259681140AFD6B728786C /* Pods */,
				414E383A79BC9BAC5BCBBFDB /* Frameworks */,
				8C26D22A234602B100A46789 /* EmployerTrackingTests */,
			);
			sourceTree = "<group>";
		};
		8C7D8388222FC04B0045AF68 /* Products */ = {
			isa = PBXGroup;
			children = (
				8C7D8387222FC04B0045AF68 /* EmployerTracking.app */,
				8C26D229234602B100A46789 /* EmployerTrackingTests.xctest */,
			);
			name = Products;
			sourceTree = "<group>";
		};
		8C7D8389222FC04B0045AF68 /* EmployerTracking */ = {
			isa = PBXGroup;
			children = (
				8C7D839D222FC0600045AF68 /* App */,
				8C7D839F222FC07F0045AF68 /* Model */,
				8C7D839E222FC0690045AF68 /* Views */,
				8C7D839C222FC0560045AF68 /* Service */,
			);
			path = EmployerTracking;
			sourceTree = "<group>";
		};
		8C7D839C222FC0560045AF68 /* Service */ = {
			isa = PBXGroup;
			children = (
				8CEED35F22304B6400C7500D /* ObservableExtension.swift */,
				8C44946E2232849B00F371AA /* DateExtension.swift */,
				8C7D8391222FC04E0045AF68 /* Assets.xcassets */,
				8C7D8393222FC04E0045AF68 /* LaunchScreen.storyboard */,
				8C7D8396222FC04E0045AF68 /* Info.plist */,
				8CD5EA832371B42400171FC5 /* Localizable.strings */,
			);
			path = Service;
			sourceTree = "<group>";
		};
		8C7D839D222FC0600045AF68 /* App */ = {
			isa = PBXGroup;
			children = (
				8C7D838A222FC04B0045AF68 /* AppDelegate.swift */,
				8C7D83A3222FC1030045AF68 /* AppCoordinator.swift */,
				8C7D83A5222FC1C20045AF68 /* BaseCoordinator.swift */,
			);
			path = App;
			sourceTree = "<group>";
		};
		8C7D839E222FC0690045AF68 /* Views */ = {
			isa = PBXGroup;
			children = (
				8C30830D224254CB00C0CB86 /* MainViewController.swift */,
				8C7D83A0222FC0B30045AF68 /* MasterView */,
				8C7D83A1222FC0C20045AF68 /* MiddleView */,
				8C7D83A2222FC0CA0045AF68 /* DetailView */,
				8C2C5A392241634C00328130 /* SideBarView */,
				8C2C5A4622416AA800328130 /* SideBarDetailViews */,
			);
			path = Views;
			sourceTree = "<group>";
		};
		8C7D839F222FC07F0045AF68 /* Model */ = {
			isa = PBXGroup;
			children = (
				8CD2EBFB222FC9D500D7AF54 /* CategoryModel.swift */,
				8CEED34E222FCB4400C7500D /* EmployerModel.swift */,
			);
			path = Model;
			sourceTree = "<group>";
		};
		8C7D83A0222FC0B30045AF68 /* MasterView */ = {
			isa = PBXGroup;
			children = (
				8C7D838C222FC04B0045AF68 /* CategoryViewController.swift */,
				8CD2EBF9222FC79400D7AF54 /* CategoryCoordinator.swift */,
				8CEED350222FCCC100C7500D /* CategoryViewModel.swift */,
				8CEED352222FCD6F00C7500D /* CategoryListViewModel.swift */,
				8CEED354222FCE6500C7500D /* CustomTableViewCell.swift */,
				8C6753FF23735B0C00B6372B /* CustomTableViewCell.xib */,
				8C1AC95A2230EE8F0000F7BD /* TableViewEditing.swift */,
				8CEED358222FDF8700C7500D /* CategoryAddView */,
			);
			path = MasterView;
			sourceTree = "<group>";
		};
		8C7D83A1222FC0C20045AF68 /* MiddleView */ = {
			isa = PBXGroup;
			children = (
				8C44945C22326B2D00F371AA /* EmployerViewController.swift */,
				8C3082E7224226EF00C0CB86 /* CollectionViewController.swift */,
				8C44945E22326B5800F371AA /* EmployerCoordinator.swift */,
				8C44946022326B7300F371AA /* EmployerViewModel.swift */,
				8C44946222326C8400F371AA /* EmployerListViewModel.swift */,
				8C44946A223270B300F371AA /* CustomCollectionViewCell.swift */,
				8C44946B223270B300F371AA /* CustomCollectionViewCell.xib */,
				8C6E8B4C22329AC6001E29AE /* EmployerAddView */,
			);
			path = MiddleView;
			sourceTree = "<group>";
		};
		8C7D83A2222FC0CA0045AF68 /* DetailView */ = {
			isa = PBXGroup;
			children = (
				8C922EDD223D8C3900EB054B /* DetailViewController.swift */,
				8C2C5A3A2241683A00328130 /* DetailViewControllerExt.swift */,
				8C922EDF223DACE800EB054B /* DetailViewModel.swift */,
				8C922EE1223DAD0600EB054B /* DetailViewCoordinator.swift */,
			);
			path = DetailView;
			sourceTree = "<group>";
		};
		8CEED358222FDF8700C7500D /* CategoryAddView */ = {
			isa = PBXGroup;
			children = (
				8CEED359222FDFAD00C7500D /* CategoryAddViewController.swift */,
				8CEED35B222FE03800C7500D /* CategoryAddViewModel.swift */,
				8CEED35D222FE0C100C7500D /* CategoryAddCoordinator.swift */,
			);
			path = CategoryAddView;
			sourceTree = "<group>";
		};
/* End PBXGroup section */

/* Begin PBXNativeTarget section */
		8C26D228234602B100A46789 /* EmployerTrackingTests */ = {
			isa = PBXNativeTarget;
			buildConfigurationList = 8C26D230234602B100A46789 /* Build configuration list for PBXNativeTarget "EmployerTrackingTests" */;
			buildPhases = (
				A986A86ADCA1E82F33C086B9 /* [CP] Check Pods Manifest.lock */,
				8C26D225234602B100A46789 /* Sources */,
				8C26D226234602B100A46789 /* Frameworks */,
				8C26D227234602B100A46789 /* Resources */,
				70CC7C1619CAA325A9A88E5F /* [CP] Embed Pods Frameworks */,
			);
			buildRules = (
			);
			dependencies = (
				8C26D22F234602B100A46789 /* PBXTargetDependency */,
			);
			name = EmployerTrackingTests;
			productName = EmployerTrackingTests;
			productReference = 8C26D229234602B100A46789 /* EmployerTrackingTests.xctest */;
			productType = "com.apple.product-type.bundle.unit-test";
		};
		8C7D8386222FC04B0045AF68 /* EmployerTracking */ = {
			isa = PBXNativeTarget;
			buildConfigurationList = 8C7D8399222FC04E0045AF68 /* Build configuration list for PBXNativeTarget "EmployerTracking" */;
			buildPhases = (
				198905BE8356A922D33CCBD3 /* [CP] Check Pods Manifest.lock */,
				8C7D8383222FC04B0045AF68 /* Sources */,
				8C7D8384222FC04B0045AF68 /* Frameworks */,
				8C7D8385222FC04B0045AF68 /* Resources */,
				1C4CD52BF53C35FB251E5D89 /* [CP] Embed Pods Frameworks */,
			);
			buildRules = (
			);
			dependencies = (
			);
			name = EmployerTracking;
			productName = "Challenge-I";
			productReference = 8C7D8387222FC04B0045AF68 /* EmployerTracking.app */;
			productType = "com.apple.product-type.application";
		};
/* End PBXNativeTarget section */

/* Begin PBXProject section */
		8C7D837F222FC04B0045AF68 /* Project object */ = {
			isa = PBXProject;
			attributes = {
				LastSwiftUpdateCheck = 1100;
				LastUpgradeCheck = 1010;
				ORGANIZATIONNAME = "Burak Özcan";
				TargetAttributes = {
					8C26D228234602B100A46789 = {
						CreatedOnToolsVersion = 11.0;
						TestTargetID = 8C7D8386222FC04B0045AF68;
					};
					8C7D8386222FC04B0045AF68 = {
						CreatedOnToolsVersion = 10.1;
						LastSwiftMigration = 1020;
					};
				};
			};
			buildConfigurationList = 8C7D8382222FC04B0045AF68 /* Build configuration list for PBXProject "EmployerTracking" */;
			compatibilityVersion = "Xcode 9.3";
			developmentRegion = en;
			hasScannedForEncodings = 0;
			knownRegions = (
				en,
				Base,
				tr,
			);
			mainGroup = 8C7D837E222FC04B0045AF68;
			productRefGroup = 8C7D8388222FC04B0045AF68 /* Products */;
			projectDirPath = "";
			projectRoot = "";
			targets = (
				8C7D8386222FC04B0045AF68 /* EmployerTracking */,
				8C26D228234602B100A46789 /* EmployerTrackingTests */,
			);
		};
/* End PBXProject section */

/* Begin PBXResourcesBuildPhase section */
		8C26D227234602B100A46789 /* Resources */ = {
			isa = PBXResourcesBuildPhase;
			buildActionMask = 2147483647;
			files = (
			);
			runOnlyForDeploymentPostprocessing = 0;
		};
		8C7D8385222FC04B0045AF68 /* Resources */ = {
			isa = PBXResourcesBuildPhase;
			buildActionMask = 2147483647;
			files = (
				8C7D8395222FC04E0045AF68 /* LaunchScreen.storyboard in Resources */,
				8CD5EA812371B42400171FC5 /* Localizable.strings in Resources */,
				8C7D8392222FC04E0045AF68 /* Assets.xcassets in Resources */,
				8C6753FD23735B0C00B6372B /* CustomTableViewCell.xib in Resources */,
				8C2C5A4522416AA200328130 /* SideBarTableViewCell.xib in Resources */,
				8C44946D223270B300F371AA /* CustomCollectionViewCell.xib in Resources */,
			);
			runOnlyForDeploymentPostprocessing = 0;
		};
/* End PBXResourcesBuildPhase section */

/* Begin PBXShellScriptBuildPhase section */
		198905BE8356A922D33CCBD3 /* [CP] Check Pods Manifest.lock */ = {
			isa = PBXShellScriptBuildPhase;
			buildActionMask = 2147483647;
			files = (
			);
			inputPaths = (
				"${PODS_PODFILE_DIR_PATH}/Podfile.lock",
				"${PODS_ROOT}/Manifest.lock",
			);
			name = "[CP] Check Pods Manifest.lock";
			outputPaths = (
				"$(DERIVED_FILE_DIR)/Pods-EmployerTracking-checkManifestLockResult.txt",
			);
			runOnlyForDeploymentPostprocessing = 0;
			shellPath = /bin/sh;
			shellScript = "diff \"${PODS_PODFILE_DIR_PATH}/Podfile.lock\" \"${PODS_ROOT}/Manifest.lock\" > /dev/null\nif [ $? != 0 ] ; then\n    # print error to STDERR\n    echo \"error: The sandbox is not in sync with the Podfile.lock. Run 'pod install' or update your CocoaPods installation.\" >&2\n    exit 1\nfi\n# This output is used by Xcode 'outputs' to avoid re-running this script phase.\necho \"SUCCESS\" > \"${SCRIPT_OUTPUT_FILE_0}\"\n";
			showEnvVarsInLog = 0;
		};
		1C4CD52BF53C35FB251E5D89 /* [CP] Embed Pods Frameworks */ = {
			isa = PBXShellScriptBuildPhase;
			buildActionMask = 2147483647;
			files = (
			);
			inputFileListPaths = (
				"${PODS_ROOT}/Target Support Files/Pods-EmployerTracking/Pods-EmployerTracking-frameworks-${CONFIGURATION}-input-files.xcfilelist",
			);
			name = "[CP] Embed Pods Frameworks";
			outputFileListPaths = (
				"${PODS_ROOT}/Target Support Files/Pods-EmployerTracking/Pods-EmployerTracking-frameworks-${CONFIGURATION}-output-files.xcfilelist",
			);
			runOnlyForDeploymentPostprocessing = 0;
			shellPath = /bin/sh;
			shellScript = "\"${PODS_ROOT}/Target Support Files/Pods-EmployerTracking/Pods-EmployerTracking-frameworks.sh\"\n";
			showEnvVarsInLog = 0;
		};
		70CC7C1619CAA325A9A88E5F /* [CP] Embed Pods Frameworks */ = {
			isa = PBXShellScriptBuildPhase;
			buildActionMask = 2147483647;
			files = (
			);
			inputFileListPaths = (
				"${PODS_ROOT}/Target Support Files/Pods-EmployerTrackingTests/Pods-EmployerTrackingTests-frameworks-${CONFIGURATION}-input-files.xcfilelist",
			);
			name = "[CP] Embed Pods Frameworks";
			outputFileListPaths = (
				"${PODS_ROOT}/Target Support Files/Pods-EmployerTrackingTests/Pods-EmployerTrackingTests-frameworks-${CONFIGURATION}-output-files.xcfilelist",
			);
			runOnlyForDeploymentPostprocessing = 0;
			shellPath = /bin/sh;
			shellScript = "\"${PODS_ROOT}/Target Support Files/Pods-EmployerTrackingTests/Pods-EmployerTrackingTests-frameworks.sh\"\n";
			showEnvVarsInLog = 0;
		};
		A986A86ADCA1E82F33C086B9 /* [CP] Check Pods Manifest.lock */ = {
			isa = PBXShellScriptBuildPhase;
			buildActionMask = 2147483647;
			files = (
			);
			inputPaths = (
				"${PODS_PODFILE_DIR_PATH}/Podfile.lock",
				"${PODS_ROOT}/Manifest.lock",
			);
			name = "[CP] Check Pods Manifest.lock";
			outputPaths = (
				"$(DERIVED_FILE_DIR)/Pods-EmployerTrackingTests-checkManifestLockResult.txt",
			);
			runOnlyForDeploymentPostprocessing = 0;
			shellPath = /bin/sh;
			shellScript = "diff \"${PODS_PODFILE_DIR_PATH}/Podfile.lock\" \"${PODS_ROOT}/Manifest.lock\" > /dev/null\nif [ $? != 0 ] ; then\n    # print error to STDERR\n    echo \"error: The sandbox is not in sync with the Podfile.lock. Run 'pod install' or update your CocoaPods installation.\" >&2\n    exit 1\nfi\n# This output is used by Xcode 'outputs' to avoid re-running this script phase.\necho \"SUCCESS\" > \"${SCRIPT_OUTPUT_FILE_0}\"\n";
			showEnvVarsInLog = 0;
		};
/* End PBXShellScriptBuildPhase section */

/* Begin PBXSourcesBuildPhase section */
		8C26D225234602B100A46789 /* Sources */ = {
			isa = PBXSourcesBuildPhase;
			buildActionMask = 2147483647;
			files = (
				8C26D233234602BC00A46789 /* CategoryListViewModelTest.swift in Sources */,
				8C26D22C234602B100A46789 /* EmployerTrackingTests.swift in Sources */,
			);
			runOnlyForDeploymentPostprocessing = 0;
		};
		8C7D8383222FC04B0045AF68 /* Sources */ = {
			isa = PBXSourcesBuildPhase;
			buildActionMask = 2147483647;
			files = (
				8C44945F22326B5800F371AA /* EmployerCoordinator.swift in Sources */,
				8C44946F2232849B00F371AA /* DateExtension.swift in Sources */,
				8C2C5A4022416A2A00328130 /* SideBarTableViewController.swift in Sources */,
				8C922EE2223DAD0600EB054B /* DetailViewCoordinator.swift in Sources */,
				8C2C5A3B2241683A00328130 /* DetailViewControllerExt.swift in Sources */,
				8C922EDE223D8C3900EB054B /* DetailViewController.swift in Sources */,
				8CEED36022304B6400C7500D /* ObservableExtension.swift in Sources */,
				8CEED35E222FE0C100C7500D /* CategoryAddCoordinator.swift in Sources */,
				8CEED35C222FE03800C7500D /* CategoryAddViewModel.swift in Sources */,
				8C44945D22326B2D00F371AA /* EmployerViewController.swift in Sources */,
				8CEED34F222FCB4400C7500D /* EmployerModel.swift in Sources */,
				8C7D83A4222FC1030045AF68 /* AppCoordinator.swift in Sources */,
				8C2C5A4422416AA200328130 /* SideBarTableViewCell.swift in Sources */,
				8C922EE0223DACE800EB054B /* DetailViewModel.swift in Sources */,
				8CD2EBFC222FC9D500D7AF54 /* CategoryModel.swift in Sources */,
				8C6E8B5222329B2D001E29AE /* EmployerAddCoordinator.swift in Sources */,
				8C6E8B4E22329AE6001E29AE /* EmployerAddViewController.swift in Sources */,
				8CD2EBFA222FC79400D7AF54 /* CategoryCoordinator.swift in Sources */,
				8C30830E224254CB00C0CB86 /* MainViewController.swift in Sources */,
				8C6E8B5022329B09001E29AE /* EmployerAddViewModel.swift in Sources */,
				8C3083162242889300C0CB86 /* SideBarDetailStories.swift in Sources */,
				8C44946322326C8400F371AA /* EmployerListViewModel.swift in Sources */,
				8C3082E8224226EF00C0CB86 /* CollectionViewController.swift in Sources */,
				8CEED351222FCCC100C7500D /* CategoryViewModel.swift in Sources */,
				8C308314224287CD00C0CB86 /* SideBarTableViewModel.swift in Sources */,
				8C44946C223270B300F371AA /* CustomCollectionViewCell.swift in Sources */,
				8C3083102242877600C0CB86 /* SideBarDetailViewController.swift in Sources */,
				8C7D838D222FC04B0045AF68 /* CategoryViewController.swift in Sources */,
				8CEED356222FCE6500C7500D /* CustomTableViewCell.swift in Sources */,
				8C7D838B222FC04B0045AF68 /* AppDelegate.swift in Sources */,
				8C44946122326B7300F371AA /* EmployerViewModel.swift in Sources */,
				8C7D83A6222FC1C20045AF68 /* BaseCoordinator.swift in Sources */,
				8CEED353222FCD6F00C7500D /* CategoryListViewModel.swift in Sources */,
				8CEED35A222FDFAD00C7500D /* CategoryAddViewController.swift in Sources */,
				8C1AC95B2230EE8F0000F7BD /* TableViewEditing.swift in Sources */,
				8C308312224287BF00C0CB86 /* SideBarTableCoordinator.swift in Sources */,
			);
			runOnlyForDeploymentPostprocessing = 0;
		};
/* End PBXSourcesBuildPhase section */

/* Begin PBXTargetDependency section */
		8C26D22F234602B100A46789 /* PBXTargetDependency */ = {
			isa = PBXTargetDependency;
			target = 8C7D8386222FC04B0045AF68 /* EmployerTracking */;
			targetProxy = 8C26D22E234602B100A46789 /* PBXContainerItemProxy */;
		};
/* End PBXTargetDependency section */

/* Begin PBXVariantGroup section */
		8C6753FF23735B0C00B6372B /* CustomTableViewCell.xib */ = {
			isa = PBXVariantGroup;
			children = (
				8C67540123735B1600B6372B /* tr */,
				8C67540223735B4100B6372B /* Base */,
				8C67540323735B6500B6372B /* en */,
			);
			name = CustomTableViewCell.xib;
			sourceTree = "<group>";
		};
		8C7D8393222FC04E0045AF68 /* LaunchScreen.storyboard */ = {
			isa = PBXVariantGroup;
			children = (
				8C7D8394222FC04E0045AF68 /* Base */,
				8CD625BF23719A5A00E69A6A /* tr */,
			);
			name = LaunchScreen.storyboard;
			sourceTree = "<group>";
		};
		8CD5EA832371B42400171FC5 /* Localizable.strings */ = {
			isa = PBXVariantGroup;
			children = (
				8CD5EA822371B42400171FC5 /* en */,
				8CD5EA842371B43200171FC5 /* tr */,
			);
			name = Localizable.strings;
			sourceTree = "<group>";
		};
/* End PBXVariantGroup section */

/* Begin XCBuildConfiguration section */
		8C26D231234602B100A46789 /* Debug */ = {
			isa = XCBuildConfiguration;
			baseConfigurationReference = B7C9317C5E4866584454846C /* Pods-EmployerTrackingTests.debug.xcconfig */;
			buildSettings = {
				BUNDLE_LOADER = "$(TEST_HOST)";
				CODE_SIGN_STYLE = Automatic;
				DEVELOPMENT_TEAM = 92XM4656JU;
				INFOPLIST_FILE = EmployerTrackingTests/Info.plist;
				LD_RUNPATH_SEARCH_PATHS = (
					"$(inherited)",
					"@executable_path/Frameworks",
					"@loader_path/Frameworks",
				);
				PRODUCT_BUNDLE_IDENTIFIER = com.burako.EmployerTrackingTests;
				PRODUCT_NAME = "$(TARGET_NAME)";
				SWIFT_VERSION = 5.0;
				TARGETED_DEVICE_FAMILY = "1,2";
				TEST_HOST = "$(BUILT_PRODUCTS_DIR)/EmployerTracking.app/EmployerTracking";
			};
			name = Debug;
		};
		8C26D232234602B100A46789 /* Release */ = {
			isa = XCBuildConfiguration;
			baseConfigurationReference = 8A4F691CD0517448306B753A /* Pods-EmployerTrackingTests.release.xcconfig */;
			buildSettings = {
				BUNDLE_LOADER = "$(TEST_HOST)";
				CODE_SIGN_STYLE = Automatic;
				DEVELOPMENT_TEAM = 92XM4656JU;
				INFOPLIST_FILE = EmployerTrackingTests/Info.plist;
				LD_RUNPATH_SEARCH_PATHS = (
					"$(inherited)",
					"@executable_path/Frameworks",
					"@loader_path/Frameworks",
				);
				PRODUCT_BUNDLE_IDENTIFIER = com.burako.EmployerTrackingTests;
				PRODUCT_NAME = "$(TARGET_NAME)";
				SWIFT_VERSION = 5.0;
				TARGETED_DEVICE_FAMILY = "1,2";
				TEST_HOST = "$(BUILT_PRODUCTS_DIR)/EmployerTracking.app/EmployerTracking";
			};
			name = Release;
		};
		8C7D8397222FC04E0045AF68 /* Debug */ = {
			isa = XCBuildConfiguration;
			buildSettings = {
				ALWAYS_SEARCH_USER_PATHS = NO;
				CLANG_ANALYZER_LOCALIZABILITY_NONLOCALIZED = YES;
				CLANG_ANALYZER_NONNULL = YES;
				CLANG_ANALYZER_NUMBER_OBJECT_CONVERSION = YES_AGGRESSIVE;
				CLANG_CXX_LANGUAGE_STANDARD = "gnu++14";
				CLANG_CXX_LIBRARY = "libc++";
				CLANG_ENABLE_MODULES = YES;
				CLANG_ENABLE_OBJC_ARC = YES;
				CLANG_ENABLE_OBJC_WEAK = YES;
				CLANG_WARN_BLOCK_CAPTURE_AUTORELEASING = YES;
				CLANG_WARN_BOOL_CONVERSION = YES;
				CLANG_WARN_COMMA = YES;
				CLANG_WARN_CONSTANT_CONVERSION = YES;
				CLANG_WARN_DEPRECATED_OBJC_IMPLEMENTATIONS = YES;
				CLANG_WARN_DIRECT_OBJC_ISA_USAGE = YES_ERROR;
				CLANG_WARN_DOCUMENTATION_COMMENTS = YES;
				CLANG_WARN_EMPTY_BODY = YES;
				CLANG_WARN_ENUM_CONVERSION = YES;
				CLANG_WARN_INFINITE_RECURSION = YES;
				CLANG_WARN_INT_CONVERSION = YES;
				CLANG_WARN_NON_LITERAL_NULL_CONVERSION = YES;
				CLANG_WARN_OBJC_IMPLICIT_RETAIN_SELF = YES;
				CLANG_WARN_OBJC_LITERAL_CONVERSION = YES;
				CLANG_WARN_OBJC_ROOT_CLASS = YES_ERROR;
				CLANG_WARN_RANGE_LOOP_ANALYSIS = YES;
				CLANG_WARN_STRICT_PROTOTYPES = YES;
				CLANG_WARN_SUSPICIOUS_MOVE = YES;
				CLANG_WARN_UNGUARDED_AVAILABILITY = YES_AGGRESSIVE;
				CLANG_WARN_UNREACHABLE_CODE = YES;
				CLANG_WARN__DUPLICATE_METHOD_MATCH = YES;
				CODE_SIGN_IDENTITY = "iPhone Developer";
				COPY_PHASE_STRIP = NO;
				DEBUG_INFORMATION_FORMAT = dwarf;
				ENABLE_STRICT_OBJC_MSGSEND = YES;
				ENABLE_TESTABILITY = YES;
				GCC_C_LANGUAGE_STANDARD = gnu11;
				GCC_DYNAMIC_NO_PIC = NO;
				GCC_NO_COMMON_BLOCKS = YES;
				GCC_OPTIMIZATION_LEVEL = 0;
				GCC_PREPROCESSOR_DEFINITIONS = (
					"DEBUG=1",
					"$(inherited)",
				);
				GCC_WARN_64_TO_32_BIT_CONVERSION = YES;
				GCC_WARN_ABOUT_RETURN_TYPE = YES_ERROR;
				GCC_WARN_UNDECLARED_SELECTOR = YES;
				GCC_WARN_UNINITIALIZED_AUTOS = YES_AGGRESSIVE;
				GCC_WARN_UNUSED_FUNCTION = YES;
				GCC_WARN_UNUSED_VARIABLE = YES;
				IPHONEOS_DEPLOYMENT_TARGET = 13.0;
				MTL_ENABLE_DEBUG_INFO = INCLUDE_SOURCE;
				MTL_FAST_MATH = YES;
				ONLY_ACTIVE_ARCH = YES;
				SDKROOT = iphoneos;
				SWIFT_ACTIVE_COMPILATION_CONDITIONS = DEBUG;
				SWIFT_OPTIMIZATION_LEVEL = "-Onone";
			};
			name = Debug;
		};
		8C7D8398222FC04E0045AF68 /* Release */ = {
			isa = XCBuildConfiguration;
			buildSettings = {
				ALWAYS_SEARCH_USER_PATHS = NO;
				CLANG_ANALYZER_LOCALIZABILITY_NONLOCALIZED = YES;
				CLANG_ANALYZER_NONNULL = YES;
				CLANG_ANALYZER_NUMBER_OBJECT_CONVERSION = YES_AGGRESSIVE;
				CLANG_CXX_LANGUAGE_STANDARD = "gnu++14";
				CLANG_CXX_LIBRARY = "libc++";
				CLANG_ENABLE_MODULES = YES;
				CLANG_ENABLE_OBJC_ARC = YES;
				CLANG_ENABLE_OBJC_WEAK = YES;
				CLANG_WARN_BLOCK_CAPTURE_AUTORELEASING = YES;
				CLANG_WARN_BOOL_CONVERSION = YES;
				CLANG_WARN_COMMA = YES;
				CLANG_WARN_CONSTANT_CONVERSION = YES;
				CLANG_WARN_DEPRECATED_OBJC_IMPLEMENTATIONS = YES;
				CLANG_WARN_DIRECT_OBJC_ISA_USAGE = YES_ERROR;
				CLANG_WARN_DOCUMENTATION_COMMENTS = YES;
				CLANG_WARN_EMPTY_BODY = YES;
				CLANG_WARN_ENUM_CONVERSION = YES;
				CLANG_WARN_INFINITE_RECURSION = YES;
				CLANG_WARN_INT_CONVERSION = YES;
				CLANG_WARN_NON_LITERAL_NULL_CONVERSION = YES;
				CLANG_WARN_OBJC_IMPLICIT_RETAIN_SELF = YES;
				CLANG_WARN_OBJC_LITERAL_CONVERSION = YES;
				CLANG_WARN_OBJC_ROOT_CLASS = YES_ERROR;
				CLANG_WARN_RANGE_LOOP_ANALYSIS = YES;
				CLANG_WARN_STRICT_PROTOTYPES = YES;
				CLANG_WARN_SUSPICIOUS_MOVE = YES;
				CLANG_WARN_UNGUARDED_AVAILABILITY = YES_AGGRESSIVE;
				CLANG_WARN_UNREACHABLE_CODE = YES;
				CLANG_WARN__DUPLICATE_METHOD_MATCH = YES;
				CODE_SIGN_IDENTITY = "iPhone Developer";
				COPY_PHASE_STRIP = NO;
				DEBUG_INFORMATION_FORMAT = "dwarf-with-dsym";
				ENABLE_NS_ASSERTIONS = NO;
				ENABLE_STRICT_OBJC_MSGSEND = YES;
				GCC_C_LANGUAGE_STANDARD = gnu11;
				GCC_NO_COMMON_BLOCKS = YES;
				GCC_WARN_64_TO_32_BIT_CONVERSION = YES;
				GCC_WARN_ABOUT_RETURN_TYPE = YES_ERROR;
				GCC_WARN_UNDECLARED_SELECTOR = YES;
				GCC_WARN_UNINITIALIZED_AUTOS = YES_AGGRESSIVE;
				GCC_WARN_UNUSED_FUNCTION = YES;
				GCC_WARN_UNUSED_VARIABLE = YES;
				IPHONEOS_DEPLOYMENT_TARGET = 13.0;
				MTL_ENABLE_DEBUG_INFO = NO;
				MTL_FAST_MATH = YES;
				SDKROOT = iphoneos;
				SWIFT_COMPILATION_MODE = wholemodule;
				SWIFT_OPTIMIZATION_LEVEL = "-O";
				VALIDATE_PRODUCT = YES;
			};
			name = Release;
		};
		8C7D839A222FC04E0045AF68 /* Debug */ = {
			isa = XCBuildConfiguration;
			baseConfigurationReference = 9D60DA00A82F212277442835 /* Pods-EmployerTracking.debug.xcconfig */;
			buildSettings = {
				ASSETCATALOG_COMPILER_APPICON_NAME = AppIcon;
				CODE_SIGN_STYLE = Automatic;
				DEVELOPMENT_TEAM = 92XM4656JU;
				INFOPLIST_FILE = "$(SRCROOT)/EmployerTracking/Service/Info.plist";
				LD_RUNPATH_SEARCH_PATHS = (
					"$(inherited)",
					"@executable_path/Frameworks",
				);
				PRODUCT_BUNDLE_IDENTIFIER = com.burako.EmployerTracking;
				PRODUCT_NAME = "$(TARGET_NAME)";
				SWIFT_VERSION = 5.0;
				TARGETED_DEVICE_FAMILY = "1,2";
			};
			name = Debug;
		};
		8C7D839B222FC04E0045AF68 /* Release */ = {
			isa = XCBuildConfiguration;
			baseConfigurationReference = 2EE35B5ECA80376708B79930 /* Pods-EmployerTracking.release.xcconfig */;
			buildSettings = {
				ASSETCATALOG_COMPILER_APPICON_NAME = AppIcon;
				CODE_SIGN_STYLE = Automatic;
				DEVELOPMENT_TEAM = 92XM4656JU;
				INFOPLIST_FILE = "$(SRCROOT)/EmployerTracking/Service/Info.plist";
				LD_RUNPATH_SEARCH_PATHS = (
					"$(inherited)",
					"@executable_path/Frameworks",
				);
				PRODUCT_BUNDLE_IDENTIFIER = com.burako.EmployerTracking;
				PRODUCT_NAME = "$(TARGET_NAME)";
				SWIFT_VERSION = 5.0;
				TARGETED_DEVICE_FAMILY = "1,2";
			};
			name = Release;
		};
/* End XCBuildConfiguration section */

/* Begin XCConfigurationList section */
		8C26D230234602B100A46789 /* Build configuration list for PBXNativeTarget "EmployerTrackingTests" */ = {
			isa = XCConfigurationList;
			buildConfigurations = (
				8C26D231234602B100A46789 /* Debug */,
				8C26D232234602B100A46789 /* Release */,
			);
			defaultConfigurationIsVisible = 0;
			defaultConfigurationName = Release;
		};
		8C7D8382222FC04B0045AF68 /* Build configuration list for PBXProject "EmployerTracking" */ = {
			isa = XCConfigurationList;
			buildConfigurations = (
				8C7D8397222FC04E0045AF68 /* Debug */,
				8C7D8398222FC04E0045AF68 /* Release */,
			);
			defaultConfigurationIsVisible = 0;
			defaultConfigurationName = Release;
		};
		8C7D8399222FC04E0045AF68 /* Build configuration list for PBXNativeTarget "EmployerTracking" */ = {
			isa = XCConfigurationList;
			buildConfigurations = (
				8C7D839A222FC04E0045AF68 /* Debug */,
				8C7D839B222FC04E0045AF68 /* Release */,
			);
			defaultConfigurationIsVisible = 0;
			defaultConfigurationName = Release;
		};
/* End XCConfigurationList section */
	};
	rootObject = 8C7D837F222FC04B0045AF68 /* Project object */;
}
